
Microsoft Visual Studio Solution File, Format Version 12.00
# Visual Studio 2012
Project("{FAE04EC0-301F-11D3-BF4B-00C04F79EFBC}") = "R8_Ejercicio11", "R8_Ejercicio11\R8_Ejercicio11.csproj", "{4AFEB78E-2732-4C32-8E73-67F7D7158CD0}"
EndProject
Global
	GlobalSection(SolutionConfigurationPlatforms) = preSolution
		Debug|Any CPU = Debug|Any CPU
		Release|Any CPU = Release|Any CPU
	EndGlobalSection
	GlobalSection(ProjectConfigurationPlatforms) = postSolution
		{4AFEB78E-2732-4C32-8E73-67F7D7158CD0}.Debug|Any CPU.ActiveCfg = Debug|Any CPU
		{4AFEB78E-2732-4C32-8E73-67F7D7158CD0}.Debug|Any CPU.Build.0 = Debug|Any CPU
		{4AFEB78E-2732-4C32-8E73-67F7D7158CD0}.Release|Any CPU.ActiveCfg = Release|Any CPU
		{4AFEB78E-2732-4C32-8E73-67F7D7158CD0}.Release|Any CPU.Build.0 = Release|Any CPU
	EndGlobalSection
	GlobalSection(SolutionProperties) = preSolution
		HideSolutionNode = FALSE
	EndGlobalSection
EndGlobal
